// !$*UTF8*$!
{
	archiveVersion = 1;
	classes = {
	};
	objectVersion = 56;
	objects = {

/* Begin PBXBuildFile section */
		D14D50242BCB026E0004093E /* Network in Frameworks */ = {isa = PBXBuildFile; productRef = D14D50232BCB026E0004093E /* Network */; };
		D14D50262BCB02730004093E /* Pages in Frameworks */ = {isa = PBXBuildFile; productRef = D14D50252BCB02730004093E /* Pages */; };
		D14D50282BCB02780004093E /* Shared in Frameworks */ = {isa = PBXBuildFile; productRef = D14D50272BCB02780004093E /* Shared */; };
		D173EF7C2BCAE7810058AB60 /* LittleLemon2_0App.swift in Sources */ = {isa = PBXBuildFile; fileRef = D173EF7B2BCAE7810058AB60 /* LittleLemon2_0App.swift */; };
		D173EF7E2BCAE7810058AB60 /* ContentView.swift in Sources */ = {isa = PBXBuildFile; fileRef = D173EF7D2BCAE7810058AB60 /* ContentView.swift */; };
		D173EF802BCAE7820058AB60 /* Assets.xcassets in Resources */ = {isa = PBXBuildFile; fileRef = D173EF7F2BCAE7820058AB60 /* Assets.xcassets */; };
		D173EF832BCAE7820058AB60 /* Preview Assets.xcassets in Resources */ = {isa = PBXBuildFile; fileRef = D173EF822BCAE7820058AB60 /* Preview Assets.xcassets */; };
/* End PBXBuildFile section */

/* Begin PBXFileReference section */
		D14D501F2BCAE8E40004093E /* Network */ = {isa = PBXFileReference; lastKnownFileType = wrapper; path = Network; sourceTree = "<group>"; };
		D14D50202BCAE9040004093E /* Pages */ = {isa = PBXFileReference; lastKnownFileType = wrapper; path = Pages; sourceTree = "<group>"; };
		D14D50212BCAE9180004093E /* Shared */ = {isa = PBXFileReference; lastKnownFileType = wrapper; path = Shared; sourceTree = "<group>"; };
		D173EF782BCAE7810058AB60 /* LittleLemon2.0.app */ = {isa = PBXFileReference; explicitFileType = wrapper.application; includeInIndex = 0; path = LittleLemon2.0.app; sourceTree = BUILT_PRODUCTS_DIR; };
		D173EF7B2BCAE7810058AB60 /* LittleLemon2_0App.swift */ = {isa = PBXFileReference; lastKnownFileType = sourcecode.swift; path = LittleLemon2_0App.swift; sourceTree = "<group>"; };
		D173EF7D2BCAE7810058AB60 /* ContentView.swift */ = {isa = PBXFileReference; lastKnownFileType = sourcecode.swift; path = ContentView.swift; sourceTree = "<group>"; };
		D173EF7F2BCAE7820058AB60 /* Assets.xcassets */ = {isa = PBXFileReference; lastKnownFileType = folder.assetcatalog; path = Assets.xcassets; sourceTree = "<group>"; };
		D173EF822BCAE7820058AB60 /* Preview Assets.xcassets */ = {isa = PBXFileReference; lastKnownFileType = folder.assetcatalog; path = "Preview Assets.xcassets"; sourceTree = "<group>"; };
/* End PBXFileReference section */

/* Begin PBXFrameworksBuildPhase section */
		D173EF752BCAE7810058AB60 /* Frameworks */ = {
			isa = PBXFrameworksBuildPhase;
			buildActionMask = 2147483647;
			files = (
				D14D50242BCB026E0004093E /* Network in Frameworks */,
				D14D50262BCB02730004093E /* Pages in Frameworks */,
				D14D50282BCB02780004093E /* Shared in Frameworks */,
			);
			runOnlyForDeploymentPostprocessing = 0;
		};
/* End PBXFrameworksBuildPhase section */

/* Begin PBXGroup section */
		D14D50222BCB026E0004093E /* Frameworks */ = {
			isa = PBXGroup;
			children = (
			);
			name = Frameworks;
			sourceTree = "<group>";
		};
		D173EF6F2BCAE7810058AB60 = {
			isa = PBXGroup;
			children = (
				D14D50212BCAE9180004093E /* Shared */,
				D14D50202BCAE9040004093E /* Pages */,
				D14D501F2BCAE8E40004093E /* Network */,
				D173EF7A2BCAE7810058AB60 /* LittleLemon2.0 */,
				D173EF792BCAE7810058AB60 /* Products */,
				D14D50222BCB026E0004093E /* Frameworks */,
			);
			sourceTree = "<group>";
		};
		D173EF792BCAE7810058AB60 /* Products */ = {
			isa = PBXGroup;
			children = (
				D173EF782BCAE7810058AB60 /* LittleLemon2.0.app */,
			);
			name = Products;
			sourceTree = "<group>";
		};
		D173EF7A2BCAE7810058AB60 /* LittleLemon2.0 */ = {
			isa = PBXGroup;
			children = (
				D173EF7B2BCAE7810058AB60 /* LittleLemon2_0App.swift */,
				D173EF7D2BCAE7810058AB60 /* ContentView.swift */,
				D173EF7F2BCAE7820058AB60 /* Assets.xcassets */,
				D173EF812BCAE7820058AB60 /* Preview Content */,
			);
			path = LittleLemon2.0;
			sourceTree = "<group>";
		};
		D173EF812BCAE7820058AB60 /* Preview Content */ = {
			isa = PBXGroup;
			children = (
				D173EF822BCAE7820058AB60 /* Preview Assets.xcassets */,
			);
			path = "Preview Content";
			sourceTree = "<group>";
		};
/* End PBXGroup section */

/* Begin PBXNativeTarget section */
		D173EF772BCAE7810058AB60 /* LittleLemon2.0 */ = {
			isa = PBXNativeTarget;
			buildConfigurationList = D173EF862BCAE7820058AB60 /* Build configuration list for PBXNativeTarget "LittleLemon2.0" */;
			buildPhases = (
				D173EF742BCAE7810058AB60 /* Sources */,
				D173EF752BCAE7810058AB60 /* Frameworks */,
				D173EF762BCAE7810058AB60 /* Resources */,
			);
			buildRules = (
			);
			dependencies = (
			);
			name = LittleLemon2.0;
			packageProductDependencies = (
				D14D50232BCB026E0004093E /* Network */,
				D14D50252BCB02730004093E /* Pages */,
				D14D50272BCB02780004093E /* Shared */,
			);
			productName = LittleLemon2.0;
			productReference = D173EF782BCAE7810058AB60 /* LittleLemon2.0.app */;
			productType = "com.apple.product-type.application";
		};
/* End PBXNativeTarget section */

/* Begin PBXProject section */
		D173EF702BCAE7810058AB60 /* Project object */ = {
			isa = PBXProject;
			attributes = {
				BuildIndependentTargetsInParallel = 1;
				LastSwiftUpdateCheck = 1520;
				LastUpgradeCheck = 1520;
				TargetAttributes = {
					D173EF772BCAE7810058AB60 = {
						CreatedOnToolsVersion = 15.2;
					};
				};
			};
			buildConfigurationList = D173EF732BCAE7810058AB60 /* Build configuration list for PBXProject "LittleLemon2.0" */;
			compatibilityVersion = "Xcode 14.0";
			developmentRegion = en;
			hasScannedForEncodings = 0;
			knownRegions = (
				en,
				Base,
			);
			mainGroup = D173EF6F2BCAE7810058AB60;
			productRefGroup = D173EF792BCAE7810058AB60 /* Products */;
			projectDirPath = "";
			projectRoot = "";
			targets = (
				D173EF772BCAE7810058AB60 /* LittleLemon2.0 */,
			);
		};
/* End PBXProject section */

/* Begin PBXResourcesBuildPhase section */
		D173EF762BCAE7810058AB60 /* Resources */ = {
			isa = PBXResourcesBuildPhase;
			buildActionMask = 2147483647;
			files = (
				D173EF832BCAE7820058AB60 /* Preview Assets.xcassets in Resources */,
				D173EF802BCAE7820058AB60 /* Assets.xcassets in Resources */,
			);
			runOnlyForDeploymentPostprocessing = 0;
		};
/* End PBXResourcesBuildPhase section */

/* Begin PBXSourcesBuildPhase section */
		D173EF742BCAE7810058AB60 /* Sources */ = {
			isa = PBXSourcesBuildPhase;
			buildActionMask = 2147483647;
			files = (
				D173EF7E2BCAE7810058AB60 /* ContentView.swift in Sources */,
				D173EF7C2BCAE7810058AB60 /* LittleLemon2_0App.swift in Sources */,
			);
			runOnlyForDeploymentPostprocessing = 0;
		};
/* End PBXSourcesBuildPhase section */

/* Begin XCBuildConfiguration section */
		D173EF842BCAE7820058AB60 /* Debug */ = {
			isa = XCBuildConfiguration;
			buildSettings = {
				ALWAYS_SEARCH_USER_PATHS = NO;
				ASSETCATALOG_COMPILER_GENERATE_SWIFT_ASSET_SYMBOL_EXTENSIONS = YES;
				CLANG_ANALYZER_NONNULL = YES;
				CLANG_ANALYZER_NUMBER_OBJECT_CONVERSION = YES_AGGRESSIVE;
				CLANG_CXX_LANGUAGE_STANDARD = "gnu++20";
				CLANG_ENABLE_MODULES = YES;
				CLANG_ENABLE_OBJC_ARC = YES;
				CLANG_ENABLE_OBJC_WEAK = YES;
				CLANG_WARN_BLOCK_CAPTURE_AUTORELEASING = YES;
				CLANG_WARN_BOOL_CONVERSION = YES;
				CLANG_WARN_COMMA = YES;
				CLANG_WARN_CONSTANT_CONVERSION = YES;
				CLANG_WARN_DEPRECATED_OBJC_IMPLEMENTATIONS = YES;
				CLANG_WARN_DIRECT_OBJC_ISA_USAGE = YES_ERROR;
				CLANG_WARN_DOCUMENTATION_COMMENTS = YES;
				CLANG_WARN_EMPTY_BODY = YES;
				CLANG_WARN_ENUM_CONVERSION = YES;
				CLANG_WARN_INFINITE_RECURSION = YES;
				CLANG_WARN_INT_CONVERSION = YES;
				CLANG_WARN_NON_LITERAL_NULL_CONVERSION = YES;
				CLANG_WARN_OBJC_IMPLICIT_RETAIN_SELF = YES;
				CLANG_WARN_OBJC_LITERAL_CONVERSION = YES;
				CLANG_WARN_OBJC_ROOT_CLASS = YES_ERROR;
				CLANG_WARN_QUOTED_INCLUDE_IN_FRAMEWORK_HEADER = YES;
				CLANG_WARN_RANGE_LOOP_ANALYSIS = YES;
				CLANG_WARN_STRICT_PROTOTYPES = YES;
				CLANG_WARN_SUSPICIOUS_MOVE = YES;
				CLANG_WARN_UNGUARDED_AVAILABILITY = YES_AGGRESSIVE;
				CLANG_WARN_UNREACHABLE_CODE = YES;
				CLANG_WARN__DUPLICATE_METHOD_MATCH = YES;
				COPY_PHASE_STRIP = NO;
				DEBUG_INFORMATION_FORMAT = dwarf;
				ENABLE_STRICT_OBJC_MSGSEND = YES;
				ENABLE_TESTABILITY = YES;
				ENABLE_USER_SCRIPT_SANDBOXING = YES;
				GCC_C_LANGUAGE_STANDARD = gnu17;
				GCC_DYNAMIC_NO_PIC = NO;
				GCC_NO_COMMON_BLOCKS = YES;
				GCC_OPTIMIZATION_LEVEL = 0;
				GCC_PREPROCESSOR_DEFINITIONS = (
					"DEBUG=1",
					"$(inherited)",
				);
				GCC_WARN_64_TO_32_BIT_CONVERSION = YES;
				GCC_WARN_ABOUT_RETURN_TYPE = YES_ERROR;
				GCC_WARN_UNDECLARED_SELECTOR = YES;
				GCC_WARN_UNINITIALIZED_AUTOS = YES_AGGRESSIVE;
				GCC_WARN_UNUSED_FUNCTION = YES;
				GCC_WARN_UNUSED_VARIABLE = YES;
				IPHONEOS_DEPLOYMENT_TARGET = 16.0;
				LOCALIZATION_PREFERS_STRING_CATALOGS = YES;
				MTL_ENABLE_DEBUG_INFO = INCLUDE_SOURCE;
				MTL_FAST_MATH = YES;
				ONLY_ACTIVE_ARCH = YES;
				SDKROOT = iphoneos;
				SWIFT_ACTIVE_COMPILATION_CONDITIONS = "DEBUG $(inherited)";
				SWIFT_OPTIMIZATION_LEVEL = "-Onone";
			};
			name = Debug;
		};
		D173EF852BCAE7820058AB60 /* Release */ = {
			isa = XCBuildConfiguration;
			buildSettings = {
				ALWAYS_SEARCH_USER_PATHS = NO;
				ASSETCATALOG_COMPILER_GENERATE_SWIFT_ASSET_SYMBOL_EXTENSIONS = YES;
				CLANG_ANALYZER_NONNULL = YES;
				CLANG_ANALYZER_NUMBER_OBJECT_CONVERSION = YES_AGGRESSIVE;
				CLANG_CXX_LANGUAGE_STANDARD = "gnu++20";
				CLANG_ENABLE_MODULES = YES;
				CLANG_ENABLE_OBJC_ARC = YES;
				CLANG_ENABLE_OBJC_WEAK = YES;
				CLANG_WARN_BLOCK_CAPTURE_AUTORELEASING = YES;
				CLANG_WARN_BOOL_CONVERSION = YES;
				CLANG_WARN_COMMA = YES;
				CLANG_WARN_CONSTANT_CONVERSION = YES;
				CLANG_WARN_DEPRECATED_OBJC_IMPLEMENTATIONS = YES;
				CLANG_WARN_DIRECT_OBJC_ISA_USAGE = YES_ERROR;
				CLANG_WARN_DOCUMENTATION_COMMENTS = YES;
				CLANG_WARN_EMPTY_BODY = YES;
				CLANG_WARN_ENUM_CONVERSION = YES;
				CLANG_WARN_INFINITE_RECURSION = YES;
				CLANG_WARN_INT_CONVERSION = YES;
				CLANG_WARN_NON_LITERAL_NULL_CONVERSION = YES;
				CLANG_WARN_OBJC_IMPLICIT_RETAIN_SELF = YES;
				CLANG_WARN_OBJC_LITERAL_CONVERSION = YES;
				CLANG_WARN_OBJC_ROOT_CLASS = YES_ERROR;
				CLANG_WARN_QUOTED_INCLUDE_IN_FRAMEWORK_HEADER = YES;
				CLANG_WARN_RANGE_LOOP_ANALYSIS = YES;
				CLANG_WARN_STRICT_PROTOTYPES = YES;
				CLANG_WARN_SUSPICIOUS_MOVE = YES;
				CLANG_WARN_UNGUARDED_AVAILABILITY = YES_AGGRESSIVE;
				CLANG_WARN_UNREACHABLE_CODE = YES;
				CLANG_WARN__DUPLICATE_METHOD_MATCH = YES;
				COPY_PHASE_STRIP = NO;
				DEBUG_INFORMATION_FORMAT = "dwarf-with-dsym";
				ENABLE_NS_ASSERTIONS = NO;
				ENABLE_STRICT_OBJC_MSGSEND = YES;
				ENABLE_USER_SCRIPT_SANDBOXING = YES;
				GCC_C_LANGUAGE_STANDARD = gnu17;
				GCC_NO_COMMON_BLOCKS = YES;
				GCC_WARN_64_TO_32_BIT_CONVERSION = YES;
				GCC_WARN_ABOUT_RETURN_TYPE = YES_ERROR;
				GCC_WARN_UNDECLARED_SELECTOR = YES;
				GCC_WARN_UNINITIALIZED_AUTOS = YES_AGGRESSIVE;
				GCC_WARN_UNUSED_FUNCTION = YES;
				GCC_WARN_UNUSED_VARIABLE = YES;
				IPHONEOS_DEPLOYMENT_TARGET = 16.0;
				LOCALIZATION_PREFERS_STRING_CATALOGS = YES;
				MTL_ENABLE_DEBUG_INFO = NO;
				MTL_FAST_MATH = YES;
				SDKROOT = iphoneos;
				SWIFT_COMPILATION_MODE = wholemodule;
				VALIDATE_PRODUCT = YES;
			};
			name = Release;
		};
		D173EF872BCAE7820058AB60 /* Debug */ = {
			isa = XCBuildConfiguration;
			buildSettings = {
				ASSETCATALOG_COMPILER_APPICON_NAME = AppIcon;
				ASSETCATALOG_COMPILER_GLOBAL_ACCENT_COLOR_NAME = AccentColor;
				CODE_SIGN_STYLE = Automatic;
				CURRENT_PROJECT_VERSION = 1;
				DEVELOPMENT_ASSET_PATHS = "\"LittleLemon2.0/Preview Content\"";
				DEVELOPMENT_TEAM = VV2UJ2245R;
				ENABLE_PREVIEWS = YES;
				GENERATE_INFOPLIST_FILE = YES;
				INFOPLIST_KEY_UIApplicationSceneManifest_Generation = YES;
				INFOPLIST_KEY_UIApplicationSupportsIndirectInputEvents = YES;
				INFOPLIST_KEY_UILaunchScreen_Generation = YES;
				INFOPLIST_KEY_UISupportedInterfaceOrientations_iPad = "UIInterfaceOrientationPortrait UIInterfaceOrientationPortraitUpsideDown UIInterfaceOrientationLandscapeLeft UIInterfaceOrientationLandscapeRight";
				INFOPLIST_KEY_UISupportedInterfaceOrientations_iPhone = "UIInterfaceOrientationPortrait UIInterfaceOrientationLandscapeLeft UIInterfaceOrientationLandscapeRight";
				IPHONEOS_DEPLOYMENT_TARGET = 16.0;
				LD_RUNPATH_SEARCH_PATHS = (
					"$(inherited)",
					"@executable_path/Frameworks",
				);
				MARKETING_VERSION = 1.0;
				PRODUCT_BUNDLE_IDENTIFIER = "LittleLemon.LittleLemon2-0";
				PRODUCT_NAME = "$(TARGET_NAME)";
				SWIFT_EMIT_LOC_STRINGS = YES;
				SWIFT_VERSION = 5.0;
				TARGETED_DEVICE_FAMILY = "1,2";
			};
			name = Debug;
		};
		D173EF882BCAE7820058AB60 /* Release */ = {
			isa = XCBuildConfiguration;
			buildSettings = {
				ASSETCATALOG_COMPILER_APPICON_NAME = AppIcon;
				ASSETCATALOG_COMPILER_GLOBAL_ACCENT_COLOR_NAME = AccentColor;
				CODE_SIGN_STYLE = Automatic;
				CURRENT_PROJECT_VERSION = 1;
				DEVELOPMENT_ASSET_PATHS = "\"LittleLemon2.0/Preview Content\"";
				DEVELOPMENT_TEAM = VV2UJ2245R;
				ENABLE_PREVIEWS = YES;
				GENERATE_INFOPLIST_FILE = YES;
				INFOPLIST_KEY_UIApplicationSceneManifest_Generation = YES;
				INFOPLIST_KEY_UIApplicationSupportsIndirectInputEvents = YES;
				INFOPLIST_KEY_UILaunchScreen_Generation = YES;
				INFOPLIST_KEY_UISupportedInterfaceOrientations_iPad = "UIInterfaceOrientationPortrait UIInterfaceOrientationPortraitUpsideDown UIInterfaceOrientationLandscapeLeft UIInterfaceOrientationLandscapeRight";
				INFOPLIST_KEY_UISupportedInterfaceOrientations_iPhone = "UIInterfaceOrientationPortrait UIInterfaceOrientationLandscapeLeft UIInterfaceOrientationLandscapeRight";
				IPHONEOS_DEPLOYMENT_TARGET = 16.0;
				LD_RUNPATH_SEARCH_PATHS = (
					"$(inherited)",
					"@executable_path/Frameworks",
				);
				MARKETING_VERSION = 1.0;
				PRODUCT_BUNDLE_IDENTIFIER = "LittleLemon.LittleLemon2-0";
				PRODUCT_NAME = "$(TARGET_NAME)";
				SWIFT_EMIT_LOC_STRINGS = YES;
				SWIFT_VERSION = 5.0;
				TARGETED_DEVICE_FAMILY = "1,2";
			};
			name = Release;
		};
/* End XCBuildConfiguration section */

/* Begin XCConfigurationList section */
		D173EF732BCAE7810058AB60 /* Build configuration list for PBXProject "LittleLemon2.0" */ = {
			isa = XCConfigurationList;
			buildConfigurations = (
				D173EF842BCAE7820058AB60 /* Debug */,
				D173EF852BCAE7820058AB60 /* Release */,
			);
			defaultConfigurationIsVisible = 0;
			defaultConfigurationName = Release;
		};
		D173EF862BCAE7820058AB60 /* Build configuration list for PBXNativeTarget "LittleLemon2.0" */ = {
			isa = XCConfigurationList;
			buildConfigurations = (
				D173EF872BCAE7820058AB60 /* Debug */,
				D173EF882BCAE7820058AB60 /* Release */,
			);
			defaultConfigurationIsVisible = 0;
			defaultConfigurationName = Release;
		};
/* End XCConfigurationList section */

/* Begin XCSwiftPackageProductDependency section */
		D14D50232BCB026E0004093E /* Network */ = {
			isa = XCSwiftPackageProductDependency;
			productName = Network;
		};
		D14D50252BCB02730004093E /* Pages */ = {
			isa = XCSwiftPackageProductDependency;
			productName = Pages;
		};
		D14D50272BCB02780004093E /* Shared */ = {
			isa = XCSwiftPackageProductDependency;
			productName = Shared;
		};
/* End XCSwiftPackageProductDependency section */
	};
	rootObject = D173EF702BCAE7810058AB60 /* Project object */;
}
